// !$*UTF8*$!
{
	archiveVersion = 1;
	classes = {
	};
	objectVersion = 46;
	objects = {

/* Begin PBXBuildFile section */
		DEEB83C91AF5EB530003C549 /* AppDelegate.swift in Sources */ = {isa = PBXBuildFile; fileRef = DEEB83C81AF5EB530003C549 /* AppDelegate.swift */; };
		DEEB83CB1AF5EB530003C549 /* ViewController.swift in Sources */ = {isa = PBXBuildFile; fileRef = DEEB83CA1AF5EB530003C549 /* ViewController.swift */; };
		DEEB83CE1AF5EB530003C549 /* Main.storyboard in Resources */ = {isa = PBXBuildFile; fileRef = DEEB83CC1AF5EB530003C549 /* Main.storyboard */; };
		DEEB83D01AF5EB530003C549 /* Images.xcassets in Resources */ = {isa = PBXBuildFile; fileRef = DEEB83CF1AF5EB530003C549 /* Images.xcassets */; };
		DEEB83D31AF5EB530003C549 /* LaunchScreen.xib in Resources */ = {isa = PBXBuildFile; fileRef = DEEB83D11AF5EB530003C549 /* LaunchScreen.xib */; };
		DEEB83DF1AF5EB530003C549 /* PostcardTests.swift in Sources */ = {isa = PBXBuildFile; fileRef = DEEB83DE1AF5EB530003C549 /* PostcardTests.swift */; };
		DEEB83E91AF5F6FE0003C549 /* SagradaFamilia.jpeg in Resources */ = {isa = PBXBuildFile; fileRef = DEEB83E81AF5F6FE0003C549 /* SagradaFamilia.jpeg */; };
		DEEB83EB1AF5FBC10003C549 /* AlbertEinsteinStamp.jpg in Resources */ = {isa = PBXBuildFile; fileRef = DEEB83EA1AF5FBC10003C549 /* AlbertEinsteinStamp.jpg */; };
/* End PBXBuildFile section */

/* Begin PBXContainerItemProxy section */
		DEEB83D91AF5EB530003C549 /* PBXContainerItemProxy */ = {
			isa = PBXContainerItemProxy;
			containerPortal = DEEB83BB1AF5EB530003C549 /* Project object */;
			proxyType = 1;
			remoteGlobalIDString = DEEB83C21AF5EB530003C549;
			remoteInfo = Postcard;
		};
/* End PBXContainerItemProxy section */

/* Begin PBXFileReference section */
		DEEB83C31AF5EB530003C549 /* Postcard.app */ = {isa = PBXFileReference; explicitFileType = wrapper.application; includeInIndex = 0; path = Postcard.app; sourceTree = BUILT_PRODUCTS_DIR; };
		DEEB83C71AF5EB530003C549 /* Info.plist */ = {isa = PBXFileReference; lastKnownFileType = text.plist.xml; path = Info.plist; sourceTree = "<group>"; };
		DEEB83C81AF5EB530003C549 /* AppDelegate.swift */ = {isa = PBXFileReference; lastKnownFileType = sourcecode.swift; path = AppDelegate.swift; sourceTree = "<group>"; };
		DEEB83CA1AF5EB530003C549 /* ViewController.swift */ = {isa = PBXFileReference; lastKnownFileType = sourcecode.swift; path = ViewController.swift; sourceTree = "<group>"; };
		DEEB83CD1AF5EB530003C549 /* Base */ = {isa = PBXFileReference; lastKnownFileType = file.storyboard; name = Base; path = Base.lproj/Main.storyboard; sourceTree = "<group>"; };
		DEEB83CF1AF5EB530003C549 /* Images.xcassets */ = {isa = PBXFileReference; lastKnownFileType = folder.assetcatalog; path = Images.xcassets; sourceTree = "<group>"; };
		DEEB83D21AF5EB530003C549 /* Base */ = {isa = PBXFileReference; lastKnownFileType = file.xib; name = Base; path = Base.lproj/LaunchScreen.xib; sourceTree = "<group>"; };
		DEEB83D81AF5EB530003C549 /* PostcardTests.xctest */ = {isa = PBXFileReference; explicitFileType = wrapper.cfbundle; includeInIndex = 0; path = PostcardTests.xctest; sourceTree = BUILT_PRODUCTS_DIR; };
		DEEB83DD1AF5EB530003C549 /* Info.plist */ = {isa = PBXFileReference; lastKnownFileType = text.plist.xml; path = Info.plist; sourceTree = "<group>"; };
		DEEB83DE1AF5EB530003C549 /* PostcardTests.swift */ = {isa = PBXFileReference; lastKnownFileType = sourcecode.swift; path = PostcardTests.swift; sourceTree = "<group>"; };
		DEEB83E81AF5F6FE0003C549 /* SagradaFamilia.jpeg */ = {isa = PBXFileReference; lastKnownFileType = image.jpeg; path = SagradaFamilia.jpeg; sourceTree = "<group>"; };
		DEEB83EA1AF5FBC10003C549 /* AlbertEinsteinStamp.jpg */ = {isa = PBXFileReference; lastKnownFileType = image.jpeg; path = AlbertEinsteinStamp.jpg; sourceTree = "<group>"; };
/* End PBXFileReference section */

/* Begin PBXFrameworksBuildPhase section */
		DEEB83C01AF5EB530003C549 /* Frameworks */ = {
			isa = PBXFrameworksBuildPhase;
			buildActionMask = 2147483647;
			files = (
			);
			runOnlyForDeploymentPostprocessing = 0;
		};
		DEEB83D51AF5EB530003C549 /* Frameworks */ = {
			isa = PBXFrameworksBuildPhase;
			buildActionMask = 2147483647;
			files = (
			);
			runOnlyForDeploymentPostprocessing = 0;
		};
/* End PBXFrameworksBuildPhase section */

/* Begin PBXGroup section */
		DEEB83BA1AF5EB530003C549 = {
			isa = PBXGroup;
			children = (
				DEEB83C51AF5EB530003C549 /* Postcard */,
				DEEB83DB1AF5EB530003C549 /* PostcardTests */,
				DEEB83C41AF5EB530003C549 /* Products */,
			);
			sourceTree = "<group>";
		};
		DEEB83C41AF5EB530003C549 /* Products */ = {
			isa = PBXGroup;
			children = (
				DEEB83C31AF5EB530003C549 /* Postcard.app */,
				DEEB83D81AF5EB530003C549 /* PostcardTests.xctest */,
			);
			name = Products;
			sourceTree = "<group>";
		};
		DEEB83C51AF5EB530003C549 /* Postcard */ = {
			isa = PBXGroup;
			children = (
				DEEB83C81AF5EB530003C549 /* AppDelegate.swift */,
				DEEB83CA1AF5EB530003C549 /* ViewController.swift */,
				DEEB83CC1AF5EB530003C549 /* Main.storyboard */,
				DEEB83CF1AF5EB530003C549 /* Images.xcassets */,
				DEEB83D11AF5EB530003C549 /* LaunchScreen.xib */,
				DEEB83C61AF5EB530003C549 /* Supporting Files */,
			);
			path = Postcard;
			sourceTree = "<group>";
		};
		DEEB83C61AF5EB530003C549 /* Supporting Files */ = {
			isa = PBXGroup;
			children = (
				DEEB83EA1AF5FBC10003C549 /* AlbertEinsteinStamp.jpg */,
				DEEB83E81AF5F6FE0003C549 /* SagradaFamilia.jpeg */,
				DEEB83C71AF5EB530003C549 /* Info.plist */,
			);
			name = "Supporting Files";
			sourceTree = "<group>";
		};
		DEEB83DB1AF5EB530003C549 /* PostcardTests */ = {
			isa = PBXGroup;
			children = (
				DEEB83DE1AF5EB530003C549 /* PostcardTests.swift */,
				DEEB83DC1AF5EB530003C549 /* Supporting Files */,
			);
			path = PostcardTests;
			sourceTree = "<group>";
		};
		DEEB83DC1AF5EB530003C549 /* Supporting Files */ = {
			isa = PBXGroup;
			children = (
				DEEB83DD1AF5EB530003C549 /* Info.plist */,
			);
			name = "Supporting Files";
			sourceTree = "<group>";
		};
/* End PBXGroup section */

/* Begin PBXNativeTarget section */
		DEEB83C21AF5EB530003C549 /* Postcard */ = {
			isa = PBXNativeTarget;
			buildConfigurationList = DEEB83E21AF5EB530003C549 /* Build configuration list for PBXNativeTarget "Postcard" */;
			buildPhases = (
				DEEB83BF1AF5EB530003C549 /* Sources */,
				DEEB83C01AF5EB530003C549 /* Frameworks */,
				DEEB83C11AF5EB530003C549 /* Resources */,
			);
			buildRules = (
			);
			dependencies = (
			);
			name = Postcard;
			productName = Postcard;
			productReference = DEEB83C31AF5EB530003C549 /* Postcard.app */;
			productType = "com.apple.product-type.application";
		};
		DEEB83D71AF5EB530003C549 /* PostcardTests */ = {
			isa = PBXNativeTarget;
			buildConfigurationList = DEEB83E51AF5EB530003C549 /* Build configuration list for PBXNativeTarget "PostcardTests" */;
			buildPhases = (
				DEEB83D41AF5EB530003C549 /* Sources */,
				DEEB83D51AF5EB530003C549 /* Frameworks */,
				DEEB83D61AF5EB530003C549 /* Resources */,
			);
			buildRules = (
			);
			dependencies = (
				DEEB83DA1AF5EB530003C549 /* PBXTargetDependency */,
			);
			name = PostcardTests;
			productName = PostcardTests;
			productReference = DEEB83D81AF5EB530003C549 /* PostcardTests.xctest */;
			productType = "com.apple.product-type.bundle.unit-test";
		};
/* End PBXNativeTarget section */

/* Begin PBXProject section */
		DEEB83BB1AF5EB530003C549 /* Project object */ = {
			isa = PBXProject;
			attributes = {
				LastUpgradeCheck = 0630;
				ORGANIZATIONNAME = "Lam Nguyen";
				TargetAttributes = {
					DEEB83C21AF5EB530003C549 = {
						CreatedOnToolsVersion = 6.3.1;
					};
					DEEB83D71AF5EB530003C549 = {
						CreatedOnToolsVersion = 6.3.1;
						TestTargetID = DEEB83C21AF5EB530003C549;
					};
				};
			};
			buildConfigurationList = DEEB83BE1AF5EB530003C549 /* Build configuration list for PBXProject "Postcard" */;
			compatibilityVersion = "Xcode 3.2";
			developmentRegion = English;
			hasScannedForEncodings = 0;
			knownRegions = (
				en,
				Base,
			);
			mainGroup = DEEB83BA1AF5EB530003C549;
			productRefGroup = DEEB83C41AF5EB530003C549 /* Products */;
			projectDirPath = "";
			projectRoot = "";
			targets = (
				DEEB83C21AF5EB530003C549 /* Postcard */,
				DEEB83D71AF5EB530003C549 /* PostcardTests */,
			);
		};
/* End PBXProject section */

/* Begin PBXResourcesBuildPhase section */
		DEEB83C11AF5EB530003C549 /* Resources */ = {
			isa = PBXResourcesBuildPhase;
			buildActionMask = 2147483647;
			files = (
				DEEB83CE1AF5EB530003C549 /* Main.storyboard in Resources */,
				DEEB83E91AF5F6FE0003C549 /* SagradaFamilia.jpeg in Resources */,
				DEEB83EB1AF5FBC10003C549 /* AlbertEinsteinStamp.jpg in Resources */,
				DEEB83D31AF5EB530003C549 /* LaunchScreen.xib in Resources */,
				DEEB83D01AF5EB530003C549 /* Images.xcassets in Resources */,
			);
			runOnlyForDeploymentPostprocessing = 0;
		};
		DEEB83D61AF5EB530003C549 /* Resources */ = {
			isa = PBXResourcesBuildPhase;
			buildActionMask = 2147483647;
			files = (
			);
			runOnlyForDeploymentPostprocessing = 0;
		};
/* End PBXResourcesBuildPhase section */

/* Begin PBXSourcesBuildPhase section */
		DEEB83BF1AF5EB530003C549 /* Sources */ = {
			isa = PBXSourcesBuildPhase;
			buildActionMask = 2147483647;
			files = (
				DEEB83CB1AF5EB530003C549 /* ViewController.swift in Sources */,
				DEEB83C91AF5EB530003C549 /* AppDelegate.swift in Sources */,
			);
			runOnlyForDeploymentPostprocessing = 0;
		};
		DEEB83D41AF5EB530003C549 /* Sources */ = {
			isa = PBXSourcesBuildPhase;
			buildActionMask = 2147483647;
			files = (
				DEEB83DF1AF5EB530003C549 /* PostcardTests.swift in Sources */,
			);
			runOnlyForDeploymentPostprocessing = 0;
		};
/* End PBXSourcesBuildPhase section */

/* Begin PBXTargetDependency section */
		DEEB83DA1AF5EB530003C549 /* PBXTargetDependency */ = {
			isa = PBXTargetDependency;
			target = DEEB83C21AF5EB530003C549 /* Postcard */;
			targetProxy = DEEB83D91AF5EB530003C549 /* PBXContainerItemProxy */;
		};
/* End PBXTargetDependency section */

/* Begin PBXVariantGroup section */
		DEEB83CC1AF5EB530003C549 /* Main.storyboard */ = {
			isa = PBXVariantGroup;
			children = (
				DEEB83CD1AF5EB530003C549 /* Base */,
			);
			name = Main.storyboard;
			sourceTree = "<group>";
		};
		DEEB83D11AF5EB530003C549 /* LaunchScreen.xib */ = {
			isa = PBXVariantGroup;
			children = (
				DEEB83D21AF5EB530003C549 /* Base */,
			);
			name = LaunchScreen.xib;
			sourceTree = "<group>";
		};
/* End PBXVariantGroup section */

/* Begin XCBuildConfiguration section */
		DEEB83E01AF5EB530003C549 /* Debug */ = {
			isa = XCBuildConfiguration;
			buildSettings = {
				ALWAYS_SEARCH_USER_PATHS = NO;
				CLANG_CXX_LANGUAGE_STANDARD = "gnu++0x";
				CLANG_CXX_LIBRARY = "libc++";
				CLANG_ENABLE_MODULES = YES;
				CLANG_ENABLE_OBJC_ARC = YES;
				CLANG_WARN_BOOL_CONVERSION = YES;
				CLANG_WARN_CONSTANT_CONVERSION = YES;
				CLANG_WARN_DIRECT_OBJC_ISA_USAGE = YES_ERROR;
				CLANG_WARN_EMPTY_BODY = YES;
				CLANG_WARN_ENUM_CONVERSION = YES;
				CLANG_WARN_INT_CONVERSION = YES;
				CLANG_WARN_OBJC_ROOT_CLASS = YES_ERROR;
				CLANG_WARN_UNREACHABLE_CODE = YES;
				CLANG_WARN__DUPLICATE_METHOD_MATCH = YES;
				"CODE_SIGN_IDENTITY[sdk=iphoneos*]" = "iPhone Developer";
				COPY_PHASE_STRIP = NO;
				DEBUG_INFORMATION_FORMAT = "dwarf-with-dsym";
				ENABLE_STRICT_OBJC_MSGSEND = YES;
				GCC_C_LANGUAGE_STANDARD = gnu99;
				GCC_DYNAMIC_NO_PIC = NO;
				GCC_NO_COMMON_BLOCKS = YES;
				GCC_OPTIMIZATION_LEVEL = 0;
				GCC_PREPROCESSOR_DEFINITIONS = (
					"DEBUG=1",
					"$(inherited)",
				);
				GCC_SYMBOLS_PRIVATE_EXTERN = NO;
				GCC_WARN_64_TO_32_BIT_CONVERSION = YES;
				GCC_WARN_ABOUT_RETURN_TYPE = YES_ERROR;
				GCC_WARN_UNDECLARED_SELECTOR = YES;
				GCC_WARN_UNINITIALIZED_AUTOS = YES_AGGRESSIVE;
				GCC_WARN_UNUSED_FUNCTION = YES;
				GCC_WARN_UNUSED_VARIABLE = YES;
				IPHONEOS_DEPLOYMENT_TARGET = 8.3;
				MTL_ENABLE_DEBUG_INFO = YES;
				ONLY_ACTIVE_ARCH = YES;
				SDKROOT = iphoneos;
				SWIFT_OPTIMIZATION_LEVEL = "-Onone";
				TARGETED_DEVICE_FAMILY = "1,2";
			};
			name = Debug;
		};
		DEEB83E11AF5EB530003C549 /* Release */ = {
			isa = XCBuildConfiguration;
			buildSettings = {
				ALWAYS_SEARCH_USER_PATHS = NO;
				CLANG_CXX_LANGUAGE_STANDARD = "gnu++0x";
				CLANG_CXX_LIBRARY = "libc++";
				CLANG_ENABLE_MODULES = YES;
				CLANG_ENABLE_OBJC_ARC = YES;
				CLANG_WARN_BOOL_CONVERSION = YES;
				CLANG_WARN_CONSTANT_CONVERSION = YES;
				CLANG_WARN_DIRECT_OBJC_ISA_USAGE = YES_ERROR;
				CLANG_WARN_EMPTY_BODY = YES;
				CLANG_WARN_ENUM_CONVERSION = YES;
				CLANG_WARN_INT_CONVERSION = YES;
				CLANG_WARN_OBJC_ROOT_CLASS = YES_ERROR;
				CLANG_WARN_UNREACHABLE_CODE = YES;
				CLANG_WARN__DUPLICATE_METHOD_MATCH = YES;
				"CODE_SIGN_IDENTITY[sdk=iphoneos*]" = "iPhone Developer";
				COPY_PHASE_STRIP = NO;
				DEBUG_INFORMATION_FORMAT = "dwarf-with-dsym";
				ENABLE_NS_ASSERTIONS = NO;
				ENABLE_STRICT_OBJC_MSGSEND = YES;
				GCC_C_LANGUAGE_STANDARD = gnu99;
				GCC_NO_COMMON_BLOCKS = YES;
				GCC_WARN_64_TO_32_BIT_CONVERSION = YES;
				GCC_WARN_ABOUT_RETURN_TYPE = YES_ERROR;
				GCC_WARN_UNDECLARED_SELECTOR = YES;
				GCC_WARN_UNINITIALIZED_AUTOS = YES_AGGRESSIVE;
				GCC_WARN_UNUSED_FUNCTION = YES;
				GCC_WARN_UNUSED_VARIABLE = YES;
				IPHONEOS_DEPLOYMENT_TARGET = 8.3;
				MTL_ENABLE_DEBUG_INFO = NO;
				SDKROOT = iphoneos;
				TARGETED_DEVICE_FAMILY = "1,2";
				VALIDATE_PRODUCT = YES;
			};
			name = Release;
		};
		DEEB83E31AF5EB530003C549 /* Debug */ = {
			isa = XCBuildConfiguration;
			buildSettings = {
				ASSETCATALOG_COMPILER_APPICON_NAME = AppIcon;
				INFOPLIST_FILE = Postcard/Info.plist;
				LD_RUNPATH_SEARCH_PATHS = "$(inherited) @executable_path/Frameworks";
				PRODUCT_NAME = "$(TARGET_NAME)";
			};
			name = Debug;
		};
		DEEB83E41AF5EB530003C549 /* Release */ = {
			isa = XCBuildConfiguration;
			buildSettings = {
				ASSETCATALOG_COMPILER_APPICON_NAME = AppIcon;
				INFOPLIST_FILE = Postcard/Info.plist;
				LD_RUNPATH_SEARCH_PATHS = "$(inherited) @executable_path/Frameworks";
				PRODUCT_NAME = "$(TARGET_NAME)";
			};
			name = Release;
		};
		DEEB83E61AF5EB530003C549 /* Debug */ = {
			isa = XCBuildConfiguration;
			buildSettings = {
				BUNDLE_LOADER = "$(TEST_HOST)";
				FRAMEWORK_SEARCH_PATHS = (
					"$(SDKROOT)/Developer/Library/Frameworks",
					"$(inherited)",
				);
				GCC_PREPROCESSOR_DEFINITIONS = (
					"DEBUG=1",
					"$(inherited)",
				);
				INFOPLIST_FILE = PostcardTests/Info.plist;
				LD_RUNPATH_SEARCH_PATHS = "$(inherited) @executable_path/Frameworks @loader_path/Frameworks";
				PRODUCT_NAME = "$(TARGET_NAME)";
				TEST_HOST = "$(BUILT_PRODUCTS_DIR)/Postcard.app/Postcard";
			};
			name = Debug;
		};
		DEEB83E71AF5EB530003C549 /* Release */ = {
			isa = XCBuildConfiguration;
			buildSettings = {
				BUNDLE_LOADER = "$(TEST_HOST)";
				FRAMEWORK_SEARCH_PATHS = (
					"$(SDKROOT)/Developer/Library/Frameworks",
					"$(inherited)",
				);
				INFOPLIST_FILE = PostcardTests/Info.plist;
				LD_RUNPATH_SEARCH_PATHS = "$(inherited) @executable_path/Frameworks @loader_path/Frameworks";
				PRODUCT_NAME = "$(TARGET_NAME)";
				TEST_HOST = "$(BUILT_PRODUCTS_DIR)/Postcard.app/Postcard";
			};
			name = Release;
		};
/* End XCBuildConfiguration section */

/* Begin XCConfigurationList section */
		DEEB83BE1AF5EB530003C549 /* Build configuration list for PBXProject "Postcard" */ = {
			isa = XCConfigurationList;
			buildConfigurations = (
				DEEB83E01AF5EB530003C549 /* Debug */,
				DEEB83E11AF5EB530003C549 /* Release */,
			);
			defaultConfigurationIsVisible = 0;
			defaultConfigurationName = Release;
		};
		DEEB83E21AF5EB530003C549 /* Build configuration list for PBXNativeTarget "Postcard" */ = {
			isa = XCConfigurationList;
			buildConfigurations = (
				DEEB83E31AF5EB530003C549 /* Debug */,
				DEEB83E41AF5EB530003C549 /* Release */,
			);
			defaultConfigurationIsVisible = 0;
			defaultConfigurationName = Release;
		};
		DEEB83E51AF5EB530003C549 /* Build configuration list for PBXNativeTarget "PostcardTests" */ = {
			isa = XCConfigurationList;
			buildConfigurations = (
				DEEB83E61AF5EB530003C549 /* Debug */,
				DEEB83E71AF5EB530003C549 /* Release */,
			);
			defaultConfigurationIsVisible = 0;
			defaultConfigurationName = Release;
		};
/* End XCConfigurationList section */
	};
	rootObject = DEEB83BB1AF5EB530003C549 /* Project object */;
}
